
Microsoft Visual Studio Solution File, Format Version 12.00
# Visual Studio 15
VisualStudioVersion = 15.0.28307.1525
MinimumVisualStudioVersion = 10.0.40219.1
Project("{FAE04EC0-301F-11D3-BF4B-00C04F79EFBC}") = "Testing", "Testing\Testing.csproj", "{A259C257-F3EE-4F95-BCD6-AAACD4E8002D}"
EndProject
Global
	GlobalSection(SolutionConfigurationPlatforms) = preSolution
		Debug|Any CPU = Debug|Any CPU
		Release|Any CPU = Release|Any CPU
	EndGlobalSection
	GlobalSection(ProjectConfigurationPlatforms) = postSolution
		{A259C257-F3EE-4F95-BCD6-AAACD4E8002D}.Debug|Any CPU.ActiveCfg = Debug|Any CPU
		{A259C257-F3EE-4F95-BCD6-AAACD4E8002D}.Debug|Any CPU.Build.0 = Debug|Any CPU
		{A259C257-F3EE-4F95-BCD6-AAACD4E8002D}.Release|Any CPU.ActiveCfg = Release|Any CPU
		{A259C257-F3EE-4F95-BCD6-AAACD4E8002D}.Release|Any CPU.Build.0 = Release|Any CPU
	EndGlobalSection
	GlobalSection(SolutionProperties) = preSolution
		HideSolutionNode = FALSE
	EndGlobalSection
	GlobalSection(ExtensibilityGlobals) = postSolution
		SolutionGuid = {B3E0A5AB-2E35-4277-9F86-33E5C976BEE2}
	EndGlobalSection
EndGlobal
